// !$*UTF8*$!
{
	archiveVersion = 1;
	classes = {
	};
	objectVersion = 55;
	objects = {

/* Begin PBXBuildFile section */
		9A1DB1CE2840504B00689F11 /* Kingfisher in Frameworks */ = {isa = PBXBuildFile; productRef = 9A1DB1CD2840504B00689F11 /* Kingfisher */; };
		9A1DB1D2284069DD00689F11 /* UIImageView+extension.swift in Sources */ = {isa = PBXBuildFile; fileRef = 9A1DB1D1284069DD00689F11 /* UIImageView+extension.swift */; };
		9A1DB1D7284081E400689F11 /* Alamofire in Frameworks */ = {isa = PBXBuildFile; productRef = 9A1DB1D6284081E400689F11 /* Alamofire */; };
		9A1DB1D92840857300689F11 /* APIError.swift in Sources */ = {isa = PBXBuildFile; fileRef = 9A1DB1D82840857300689F11 /* APIError.swift */; };
		9A4B4C33285033B300CC687C /* Fruit.swift in Sources */ = {isa = PBXBuildFile; fileRef = 9A4B4C32285033B300CC687C /* Fruit.swift */; };
		9A4B4C35285034BA00CC687C /* Villager.swift in Sources */ = {isa = PBXBuildFile; fileRef = 9A4B4C34285034BA00CC687C /* Villager.swift */; };
		9A4B4C3728503A0400CC687C /* DailyTask.swift in Sources */ = {isa = PBXBuildFile; fileRef = 9A4B4C3628503A0400CC687C /* DailyTask.swift */; };
		9A541B6928220A72001B57FD /* AppDelegate.swift in Sources */ = {isa = PBXBuildFile; fileRef = 9A541B6828220A72001B57FD /* AppDelegate.swift */; };
		9A541B6B28220A72001B57FD /* SceneDelegate.swift in Sources */ = {isa = PBXBuildFile; fileRef = 9A541B6A28220A72001B57FD /* SceneDelegate.swift */; };
		9A541B6D28220A72001B57FD /* ViewController.swift in Sources */ = {isa = PBXBuildFile; fileRef = 9A541B6C28220A72001B57FD /* ViewController.swift */; };
		9A541B7028220A72001B57FD /* Main.storyboard in Resources */ = {isa = PBXBuildFile; fileRef = 9A541B6E28220A72001B57FD /* Main.storyboard */; };
		9A541B7228220A73001B57FD /* Assets.xcassets in Resources */ = {isa = PBXBuildFile; fileRef = 9A541B7128220A73001B57FD /* Assets.xcassets */; };
		9A541B7528220A73001B57FD /* LaunchScreen.storyboard in Resources */ = {isa = PBXBuildFile; fileRef = 9A541B7328220A73001B57FD /* LaunchScreen.storyboard */; };
		9A541B8128225F8E001B57FD /* RxCocoa in Frameworks */ = {isa = PBXBuildFile; productRef = 9A541B8028225F8E001B57FD /* RxCocoa */; };
		9A541B8328225F8E001B57FD /* RxRelay in Frameworks */ = {isa = PBXBuildFile; productRef = 9A541B8228225F8E001B57FD /* RxRelay */; };
		9A541B8528225F8E001B57FD /* RxSwift in Frameworks */ = {isa = PBXBuildFile; productRef = 9A541B8428225F8E001B57FD /* RxSwift */; };
		9A68919928335ADD0061AAF1 /* DefaultAPIProvider.swift in Sources */ = {isa = PBXBuildFile; fileRef = 9A68919828335ADD0061AAF1 /* DefaultAPIProvider.swift */; };
		9A68919B28335AE90061AAF1 /* APIProvider.swift in Sources */ = {isa = PBXBuildFile; fileRef = 9A68919A28335AE90061AAF1 /* APIProvider.swift */; };
		9A68919D28335AFF0061AAF1 /* APIRequest.swift in Sources */ = {isa = PBXBuildFile; fileRef = 9A68919C28335AFF0061AAF1 /* APIRequest.swift */; };
		9A68919F28335B130061AAF1 /* APIResponce.swift in Sources */ = {isa = PBXBuildFile; fileRef = 9A68919E28335B130061AAF1 /* APIResponce.swift */; };
		9A6891A4283361F20061AAF1 /* VillagersRequest.swift in Sources */ = {isa = PBXBuildFile; fileRef = 9A6891A3283361F20061AAF1 /* VillagersRequest.swift */; };
		9A6891A7283362C90061AAF1 /* VillagersResponseDTO.swift in Sources */ = {isa = PBXBuildFile; fileRef = 9A6891A6283362C90061AAF1 /* VillagersResponseDTO.swift */; };
		9A6891A9283366220061AAF1 /* EnvironmentsVariable.swift in Sources */ = {isa = PBXBuildFile; fileRef = 9A6891A8283366220061AAF1 /* EnvironmentsVariable.swift */; };
		9A6891AD283368EE0061AAF1 /* TurnipRequest.swift in Sources */ = {isa = PBXBuildFile; fileRef = 9A6891AC283368EE0061AAF1 /* TurnipRequest.swift */; };
		9A6891AF2833690A0061AAF1 /* TurnipResponseDTO.swift in Sources */ = {isa = PBXBuildFile; fileRef = 9A6891AE2833690A0061AAF1 /* TurnipResponseDTO.swift */; };
		9A6891B1283371A60061AAF1 /* FishRequest.swift in Sources */ = {isa = PBXBuildFile; fileRef = 9A6891B0283371A60061AAF1 /* FishRequest.swift */; };
		9A6891B3283371E20061AAF1 /* FishResponseDTO.swift in Sources */ = {isa = PBXBuildFile; fileRef = 9A6891B2283371E20061AAF1 /* FishResponseDTO.swift */; };
		9A6891B5283376E50061AAF1 /* BugRequest.swift in Sources */ = {isa = PBXBuildFile; fileRef = 9A6891B4283376E50061AAF1 /* BugRequest.swift */; };
		9A6891B7283377010061AAF1 /* BugResponseDTO.swift in Sources */ = {isa = PBXBuildFile; fileRef = 9A6891B6283377010061AAF1 /* BugResponseDTO.swift */; };
		9A6891B9283378630061AAF1 /* FossilsRequest.swift in Sources */ = {isa = PBXBuildFile; fileRef = 9A6891B8283378630061AAF1 /* FossilsRequest.swift */; };
		9A6891BB2833787D0061AAF1 /* FossilsResponseDTO.swift in Sources */ = {isa = PBXBuildFile; fileRef = 9A6891BA2833787D0061AAF1 /* FossilsResponseDTO.swift */; };
		9A6891BD283379830061AAF1 /* SeaCreaturesRequest.swift in Sources */ = {isa = PBXBuildFile; fileRef = 9A6891BC283379830061AAF1 /* SeaCreaturesRequest.swift */; };
		9A6891BF283379B80061AAF1 /* SeaCreaturesResponseDTO.swift in Sources */ = {isa = PBXBuildFile; fileRef = 9A6891BE283379B80061AAF1 /* SeaCreaturesResponseDTO.swift */; };
		9A6891C1283380CD0061AAF1 /* ArtRequest.swift in Sources */ = {isa = PBXBuildFile; fileRef = 9A6891C0283380CD0061AAF1 /* ArtRequest.swift */; };
		9A6891C3283380D50061AAF1 /* ArtResponseDTO.swift in Sources */ = {isa = PBXBuildFile; fileRef = 9A6891C2283380D50061AAF1 /* ArtResponseDTO.swift */; };
		9AF0418828503B9400C51449 /* CoreDataStorage.xcdatamodeld in Sources */ = {isa = PBXBuildFile; fileRef = 9AF0418528503B9400C51449 /* CoreDataStorage.xcdatamodeld */; };
		9AF0418A28503F7900C51449 /* Item.swift in Sources */ = {isa = PBXBuildFile; fileRef = 9AF0418928503F7900C51449 /* Item.swift */; };
		9AF0418C2850451100C51449 /* Category.swift in Sources */ = {isa = PBXBuildFile; fileRef = 9AF0418B2850451100C51449 /* Category.swift */; };
		9AF0418E285045EF00C51449 /* Bug.swift in Sources */ = {isa = PBXBuildFile; fileRef = 9AF0418D285045EF00C51449 /* Bug.swift */; };
		9AF0419028505AE200C51449 /* Fish.swift in Sources */ = {isa = PBXBuildFile; fileRef = 9AF0418F28505AE200C51449 /* Fish.swift */; };
		9AF0419228505AE900C51449 /* Art.swift in Sources */ = {isa = PBXBuildFile; fileRef = 9AF0419128505AE900C51449 /* Art.swift */; };
		9AF0419428505AF800C51449 /* Fossils.swift in Sources */ = {isa = PBXBuildFile; fileRef = 9AF0419328505AF800C51449 /* Fossils.swift */; };
		9AF0419628505B1100C51449 /* SeaCreature.swift in Sources */ = {isa = PBXBuildFile; fileRef = 9AF0419528505B1100C51449 /* SeaCreature.swift */; };
		9AF041A128507B8100C51449 /* Items.swift in Sources */ = {isa = PBXBuildFile; fileRef = 9AF041A028507B8100C51449 /* Items.swift */; };
		9AF041AC2851B20D00C51449 /* CoreDataStorage.swift in Sources */ = {isa = PBXBuildFile; fileRef = 9AF041AB2851B20D00C51449 /* CoreDataStorage.swift */; };
/* End PBXBuildFile section */

/* Begin PBXFileReference section */
		9A1DB1D1284069DD00689F11 /* UIImageView+extension.swift */ = {isa = PBXFileReference; lastKnownFileType = sourcecode.swift; path = "UIImageView+extension.swift"; sourceTree = "<group>"; };
		9A1DB1D82840857300689F11 /* APIError.swift */ = {isa = PBXFileReference; lastKnownFileType = sourcecode.swift; path = APIError.swift; sourceTree = "<group>"; };
		9A4B4C32285033B300CC687C /* Fruit.swift */ = {isa = PBXFileReference; lastKnownFileType = sourcecode.swift; path = Fruit.swift; sourceTree = "<group>"; };
		9A4B4C34285034BA00CC687C /* Villager.swift */ = {isa = PBXFileReference; lastKnownFileType = sourcecode.swift; path = Villager.swift; sourceTree = "<group>"; };
		9A4B4C3628503A0400CC687C /* DailyTask.swift */ = {isa = PBXFileReference; lastKnownFileType = sourcecode.swift; path = DailyTask.swift; sourceTree = "<group>"; };
		9A541B6528220A72001B57FD /* Animal-Crossing-Wiki.app */ = {isa = PBXFileReference; explicitFileType = wrapper.application; includeInIndex = 0; path = "Animal-Crossing-Wiki.app"; sourceTree = BUILT_PRODUCTS_DIR; };
		9A541B6828220A72001B57FD /* AppDelegate.swift */ = {isa = PBXFileReference; lastKnownFileType = sourcecode.swift; path = AppDelegate.swift; sourceTree = "<group>"; };
		9A541B6A28220A72001B57FD /* SceneDelegate.swift */ = {isa = PBXFileReference; lastKnownFileType = sourcecode.swift; path = SceneDelegate.swift; sourceTree = "<group>"; };
		9A541B6C28220A72001B57FD /* ViewController.swift */ = {isa = PBXFileReference; lastKnownFileType = sourcecode.swift; path = ViewController.swift; sourceTree = "<group>"; };
		9A541B6F28220A72001B57FD /* Base */ = {isa = PBXFileReference; lastKnownFileType = file.storyboard; name = Base; path = Base.lproj/Main.storyboard; sourceTree = "<group>"; };
		9A541B7128220A73001B57FD /* Assets.xcassets */ = {isa = PBXFileReference; lastKnownFileType = folder.assetcatalog; path = Assets.xcassets; sourceTree = "<group>"; };
		9A541B7428220A73001B57FD /* Base */ = {isa = PBXFileReference; lastKnownFileType = file.storyboard; name = Base; path = Base.lproj/LaunchScreen.storyboard; sourceTree = "<group>"; };
		9A541B7628220A73001B57FD /* Info.plist */ = {isa = PBXFileReference; lastKnownFileType = text.plist.xml; path = Info.plist; sourceTree = "<group>"; };
		9A68919828335ADD0061AAF1 /* DefaultAPIProvider.swift */ = {isa = PBXFileReference; lastKnownFileType = sourcecode.swift; path = DefaultAPIProvider.swift; sourceTree = "<group>"; };
		9A68919A28335AE90061AAF1 /* APIProvider.swift */ = {isa = PBXFileReference; lastKnownFileType = sourcecode.swift; path = APIProvider.swift; sourceTree = "<group>"; };
		9A68919C28335AFF0061AAF1 /* APIRequest.swift */ = {isa = PBXFileReference; lastKnownFileType = sourcecode.swift; path = APIRequest.swift; sourceTree = "<group>"; };
		9A68919E28335B130061AAF1 /* APIResponce.swift */ = {isa = PBXFileReference; lastKnownFileType = sourcecode.swift; path = APIResponce.swift; sourceTree = "<group>"; };
		9A6891A228335FB50061AAF1 /* Secrets.xcconfig */ = {isa = PBXFileReference; lastKnownFileType = text.xcconfig; path = Secrets.xcconfig; sourceTree = "<group>"; };
		9A6891A3283361F20061AAF1 /* VillagersRequest.swift */ = {isa = PBXFileReference; lastKnownFileType = sourcecode.swift; path = VillagersRequest.swift; sourceTree = "<group>"; };
		9A6891A6283362C90061AAF1 /* VillagersResponseDTO.swift */ = {isa = PBXFileReference; lastKnownFileType = sourcecode.swift; path = VillagersResponseDTO.swift; sourceTree = "<group>"; };
		9A6891A8283366220061AAF1 /* EnvironmentsVariable.swift */ = {isa = PBXFileReference; lastKnownFileType = sourcecode.swift; path = EnvironmentsVariable.swift; sourceTree = "<group>"; };
		9A6891AC283368EE0061AAF1 /* TurnipRequest.swift */ = {isa = PBXFileReference; lastKnownFileType = sourcecode.swift; path = TurnipRequest.swift; sourceTree = "<group>"; };
		9A6891AE2833690A0061AAF1 /* TurnipResponseDTO.swift */ = {isa = PBXFileReference; lastKnownFileType = sourcecode.swift; path = TurnipResponseDTO.swift; sourceTree = "<group>"; };
		9A6891B0283371A60061AAF1 /* FishRequest.swift */ = {isa = PBXFileReference; lastKnownFileType = sourcecode.swift; path = FishRequest.swift; sourceTree = "<group>"; };
		9A6891B2283371E20061AAF1 /* FishResponseDTO.swift */ = {isa = PBXFileReference; lastKnownFileType = sourcecode.swift; path = FishResponseDTO.swift; sourceTree = "<group>"; };
		9A6891B4283376E50061AAF1 /* BugRequest.swift */ = {isa = PBXFileReference; lastKnownFileType = sourcecode.swift; path = BugRequest.swift; sourceTree = "<group>"; };
		9A6891B6283377010061AAF1 /* BugResponseDTO.swift */ = {isa = PBXFileReference; lastKnownFileType = sourcecode.swift; path = BugResponseDTO.swift; sourceTree = "<group>"; };
		9A6891B8283378630061AAF1 /* FossilsRequest.swift */ = {isa = PBXFileReference; lastKnownFileType = sourcecode.swift; path = FossilsRequest.swift; sourceTree = "<group>"; };
		9A6891BA2833787D0061AAF1 /* FossilsResponseDTO.swift */ = {isa = PBXFileReference; lastKnownFileType = sourcecode.swift; path = FossilsResponseDTO.swift; sourceTree = "<group>"; };
		9A6891BC283379830061AAF1 /* SeaCreaturesRequest.swift */ = {isa = PBXFileReference; lastKnownFileType = sourcecode.swift; path = SeaCreaturesRequest.swift; sourceTree = "<group>"; };
		9A6891BE283379B80061AAF1 /* SeaCreaturesResponseDTO.swift */ = {isa = PBXFileReference; lastKnownFileType = sourcecode.swift; path = SeaCreaturesResponseDTO.swift; sourceTree = "<group>"; };
		9A6891C0283380CD0061AAF1 /* ArtRequest.swift */ = {isa = PBXFileReference; lastKnownFileType = sourcecode.swift; path = ArtRequest.swift; sourceTree = "<group>"; };
		9A6891C2283380D50061AAF1 /* ArtResponseDTO.swift */ = {isa = PBXFileReference; lastKnownFileType = sourcecode.swift; path = ArtResponseDTO.swift; sourceTree = "<group>"; };
		9AF0418628503B9400C51449 /* UserCollectionEntity.xcdatamodel */ = {isa = PBXFileReference; lastKnownFileType = wrapper.xcdatamodel; path = UserCollectionEntity.xcdatamodel; sourceTree = "<group>"; };
		9AF0418928503F7900C51449 /* Item.swift */ = {isa = PBXFileReference; lastKnownFileType = sourcecode.swift; path = Item.swift; sourceTree = "<group>"; };
		9AF0418B2850451100C51449 /* Category.swift */ = {isa = PBXFileReference; lastKnownFileType = sourcecode.swift; path = Category.swift; sourceTree = "<group>"; };
		9AF0418D285045EF00C51449 /* Bug.swift */ = {isa = PBXFileReference; lastKnownFileType = sourcecode.swift; path = Bug.swift; sourceTree = "<group>"; };
		9AF0418F28505AE200C51449 /* Fish.swift */ = {isa = PBXFileReference; lastKnownFileType = sourcecode.swift; path = Fish.swift; sourceTree = "<group>"; };
		9AF0419128505AE900C51449 /* Art.swift */ = {isa = PBXFileReference; lastKnownFileType = sourcecode.swift; path = Art.swift; sourceTree = "<group>"; };
		9AF0419328505AF800C51449 /* Fossils.swift */ = {isa = PBXFileReference; lastKnownFileType = sourcecode.swift; path = Fossils.swift; sourceTree = "<group>"; };
		9AF0419528505B1100C51449 /* SeaCreature.swift */ = {isa = PBXFileReference; lastKnownFileType = sourcecode.swift; path = SeaCreature.swift; sourceTree = "<group>"; };
		9AF041A028507B8100C51449 /* Items.swift */ = {isa = PBXFileReference; lastKnownFileType = sourcecode.swift; path = Items.swift; sourceTree = "<group>"; };
		9AF041AB2851B20D00C51449 /* CoreDataStorage.swift */ = {isa = PBXFileReference; lastKnownFileType = sourcecode.swift; path = CoreDataStorage.swift; sourceTree = "<group>"; };
/* End PBXFileReference section */

/* Begin PBXFrameworksBuildPhase section */
		9A541B6228220A72001B57FD /* Frameworks */ = {
			isa = PBXFrameworksBuildPhase;
			buildActionMask = 2147483647;
			files = (
				9A1DB1D7284081E400689F11 /* Alamofire in Frameworks */,
				9A1DB1CE2840504B00689F11 /* Kingfisher in Frameworks */,
				9A541B8528225F8E001B57FD /* RxSwift in Frameworks */,
				9A541B8328225F8E001B57FD /* RxRelay in Frameworks */,
				9A541B8128225F8E001B57FD /* RxCocoa in Frameworks */,
			);
			runOnlyForDeploymentPostprocessing = 0;
		};
/* End PBXFrameworksBuildPhase section */

/* Begin PBXGroup section */
		9A4B4C3828503A6100CC687C /* Models */ = {
			isa = PBXGroup;
			children = (
				9A4B4C3628503A0400CC687C /* DailyTask.swift */,
				9A4B4C32285033B300CC687C /* Fruit.swift */,
				9AF041A028507B8100C51449 /* Items.swift */,
				9A4B4C34285034BA00CC687C /* Villager.swift */,
				9AF0419728505B1C00C51449 /* Items */,
			);
			path = Models;
			sourceTree = "<group>";
		};
		9A541B5C28220A72001B57FD = {
			isa = PBXGroup;
			children = (
				9A6891A228335FB50061AAF1 /* Secrets.xcconfig */,
				9A541B6728220A72001B57FD /* Animal-Crossing-Wiki */,
				9A541B6628220A72001B57FD /* Products */,
			);
			sourceTree = "<group>";
		};
		9A541B6628220A72001B57FD /* Products */ = {
			isa = PBXGroup;
			children = (
				9A541B6528220A72001B57FD /* Animal-Crossing-Wiki.app */,
			);
			name = Products;
			sourceTree = "<group>";
		};
		9A541B6728220A72001B57FD /* Animal-Crossing-Wiki */ = {
			isa = PBXGroup;
			children = (
				9A541B7628220A73001B57FD /* Info.plist */,
				9A541B6828220A72001B57FD /* AppDelegate.swift */,
				9A541B6A28220A72001B57FD /* SceneDelegate.swift */,
				9A541B6C28220A72001B57FD /* ViewController.swift */,
				9A541B7128220A73001B57FD /* Assets.xcassets */,
				9AF041A42851ADFF00C51449 /* Extension */,
				9A541B7328220A73001B57FD /* LaunchScreen.storyboard */,
				9A541B6E28220A72001B57FD /* Main.storyboard */,
				9AF041CD2851DDE700C51449 /* CoreDataStorage */,
				9A4B4C3828503A6100CC687C /* Models */,
				9A6891A128335B2D0061AAF1 /* Networking */,
			);
			path = "Animal-Crossing-Wiki";
			sourceTree = "<group>";
		};
		9A6891A028335B250061AAF1 /* Protocol */ = {
			isa = PBXGroup;
			children = (
				9A68919A28335AE90061AAF1 /* APIProvider.swift */,
				9A68919C28335AFF0061AAF1 /* APIRequest.swift */,
				9A68919E28335B130061AAF1 /* APIResponce.swift */,
			);
			path = Protocol;
			sourceTree = "<group>";
		};
		9A6891A128335B2D0061AAF1 /* Networking */ = {
			isa = PBXGroup;
			children = (
				9A68919828335ADD0061AAF1 /* DefaultAPIProvider.swift */,
				9A6891A028335B250061AAF1 /* Protocol */,
				9A6891A5283361F60061AAF1 /* Request */,
				9A6891AA283366B10061AAF1 /* Response */,
				9A6891AB283367180061AAF1 /* Utilities */,
			);
			path = Networking;
			sourceTree = "<group>";
		};
		9A6891A5283361F60061AAF1 /* Request */ = {
			isa = PBXGroup;
			children = (
				9A6891C0283380CD0061AAF1 /* ArtRequest.swift */,
				9A6891B4283376E50061AAF1 /* BugRequest.swift */,
				9A6891B0283371A60061AAF1 /* FishRequest.swift */,
				9A6891B8283378630061AAF1 /* FossilsRequest.swift */,
				9A6891BC283379830061AAF1 /* SeaCreaturesRequest.swift */,
				9A6891AC283368EE0061AAF1 /* TurnipRequest.swift */,
				9A6891A3283361F20061AAF1 /* VillagersRequest.swift */,
			);
			path = Request;
			sourceTree = "<group>";
		};
		9A6891AA283366B10061AAF1 /* Response */ = {
			isa = PBXGroup;
			children = (
				9A6891C2283380D50061AAF1 /* ArtResponseDTO.swift */,
				9A6891B6283377010061AAF1 /* BugResponseDTO.swift */,
				9A6891B2283371E20061AAF1 /* FishResponseDTO.swift */,
				9A6891BA2833787D0061AAF1 /* FossilsResponseDTO.swift */,
				9A6891BE283379B80061AAF1 /* SeaCreaturesResponseDTO.swift */,
				9A6891AE2833690A0061AAF1 /* TurnipResponseDTO.swift */,
				9A6891A6283362C90061AAF1 /* VillagersResponseDTO.swift */,
			);
			path = Response;
			sourceTree = "<group>";
		};
		9A6891AB283367180061AAF1 /* Utilities */ = {
			isa = PBXGroup;
			children = (
				9A1DB1D82840857300689F11 /* APIError.swift */,
				9A6891A8283366220061AAF1 /* EnvironmentsVariable.swift */,
			);
			path = Utilities;
			sourceTree = "<group>";
		};
		9AF0419728505B1C00C51449 /* Items */ = {
			isa = PBXGroup;
			children = (
				9AF0419128505AE900C51449 /* Art.swift */,
				9AF0418D285045EF00C51449 /* Bug.swift */,
				9AF0418B2850451100C51449 /* Category.swift */,
				9AF0418F28505AE200C51449 /* Fish.swift */,
				9AF0419328505AF800C51449 /* Fossils.swift */,
				9AF0419528505B1100C51449 /* SeaCreature.swift */,
				9AF0418928503F7900C51449 /* Item.swift */,
			);
			path = Items;
			sourceTree = "<group>";
		};
		9AF041A42851ADFF00C51449 /* Extension */ = {
			isa = PBXGroup;
			children = (
				9A1DB1D1284069DD00689F11 /* UIImageView+extension.swift */,
			);
			path = Extension;
			sourceTree = "<group>";
		};
		9AF041CD2851DDE700C51449 /* CoreDataStorage */ = {
			isa = PBXGroup;
			children = (
				9AF0418528503B9400C51449 /* CoreDataStorage.xcdatamodeld */,
				9AF041AB2851B20D00C51449 /* CoreDataStorage.swift */,
			);
			path = CoreDataStorage;
			sourceTree = "<group>";
		};
/* End PBXGroup section */

/* Begin PBXNativeTarget section */
		9A541B6428220A72001B57FD /* Animal-Crossing-Wiki */ = {
			isa = PBXNativeTarget;
			buildConfigurationList = 9A541B7928220A73001B57FD /* Build configuration list for PBXNativeTarget "Animal-Crossing-Wiki" */;
			buildPhases = (
				9A541B6128220A72001B57FD /* Sources */,
				9A541B6228220A72001B57FD /* Frameworks */,
				9A541B6328220A72001B57FD /* Resources */,
				9A541B7C28223B23001B57FD /* Run SwiftLint */,
			);
			buildRules = (
			);
			dependencies = (
			);
			name = "Animal-Crossing-Wiki";
			packageProductDependencies = (
				9A541B8028225F8E001B57FD /* RxCocoa */,
				9A541B8228225F8E001B57FD /* RxRelay */,
				9A541B8428225F8E001B57FD /* RxSwift */,
				9A1DB1CD2840504B00689F11 /* Kingfisher */,
				9A1DB1D6284081E400689F11 /* Alamofire */,
			);
			productName = "Animal-Crossing-Wiki";
			productReference = 9A541B6528220A72001B57FD /* Animal-Crossing-Wiki.app */;
			productType = "com.apple.product-type.application";
		};
/* End PBXNativeTarget section */

/* Begin PBXProject section */
		9A541B5D28220A72001B57FD /* Project object */ = {
			isa = PBXProject;
			attributes = {
				BuildIndependentTargetsInParallel = 1;
				LastSwiftUpdateCheck = 1320;
				LastUpgradeCheck = 1320;
				TargetAttributes = {
					9A541B6428220A72001B57FD = {
						CreatedOnToolsVersion = 13.2.1;
					};
				};
			};
			buildConfigurationList = 9A541B6028220A72001B57FD /* Build configuration list for PBXProject "Animal-Crossing-Wiki" */;
			compatibilityVersion = "Xcode 13.0";
			developmentRegion = en;
			hasScannedForEncodings = 0;
			knownRegions = (
				en,
				Base,
			);
			mainGroup = 9A541B5C28220A72001B57FD;
			packageReferences = (
				9A541B7F28225F8E001B57FD /* XCRemoteSwiftPackageReference "RxSwift" */,
				9A1DB1CC2840504B00689F11 /* XCRemoteSwiftPackageReference "Kingfisher" */,
				9A1DB1D5284081E400689F11 /* XCRemoteSwiftPackageReference "Alamofire" */,
				9A4B4C2B284EEA2D00CC687C /* XCRemoteSwiftPackageReference "AnyCodable" */,
			);
			productRefGroup = 9A541B6628220A72001B57FD /* Products */;
			projectDirPath = "";
			projectRoot = "";
			targets = (
				9A541B6428220A72001B57FD /* Animal-Crossing-Wiki */,
			);
		};
/* End PBXProject section */

/* Begin PBXResourcesBuildPhase section */
		9A541B6328220A72001B57FD /* Resources */ = {
			isa = PBXResourcesBuildPhase;
			buildActionMask = 2147483647;
			files = (
				9A541B7528220A73001B57FD /* LaunchScreen.storyboard in Resources */,
				9A541B7228220A73001B57FD /* Assets.xcassets in Resources */,
				9A541B7028220A72001B57FD /* Main.storyboard in Resources */,
			);
			runOnlyForDeploymentPostprocessing = 0;
		};
/* End PBXResourcesBuildPhase section */

/* Begin PBXShellScriptBuildPhase section */
		9A541B7C28223B23001B57FD /* Run SwiftLint */ = {
			isa = PBXShellScriptBuildPhase;
			buildActionMask = 2147483647;
			files = (
			);
			inputFileListPaths = (
			);
			inputPaths = (
			);
			name = "Run SwiftLint";
			outputFileListPaths = (
			);
			outputPaths = (
			);
			runOnlyForDeploymentPostprocessing = 0;
			shellPath = /bin/sh;
			shellScript = "if test -d \"/opt/homebrew/bin/\"; then\n  PATH=\"/opt/homebrew/bin/:${PATH}\"\nfi\n\nexport PATH\n\nif which swiftlint >/dev/null; then\n  swiftlint\nelse\n  echo \"warning: SwiftLint not installed, download from https://github.com/realm/SwiftLint\"\nfi\n";
		};
/* End PBXShellScriptBuildPhase section */

/* Begin PBXSourcesBuildPhase section */
		9A541B6128220A72001B57FD /* Sources */ = {
			isa = PBXSourcesBuildPhase;
			buildActionMask = 2147483647;
			files = (
				9A6891BB2833787D0061AAF1 /* FossilsResponseDTO.swift in Sources */,
				9A68919D28335AFF0061AAF1 /* APIRequest.swift in Sources */,
				9A6891B5283376E50061AAF1 /* BugRequest.swift in Sources */,
				9AF041AC2851B20D00C51449 /* CoreDataStorage.swift in Sources */,
				9AF0419428505AF800C51449 /* Fossils.swift in Sources */,
				9A541B6D28220A72001B57FD /* ViewController.swift in Sources */,
				9A4B4C3728503A0400CC687C /* DailyTask.swift in Sources */,
				9A6891A4283361F20061AAF1 /* VillagersRequest.swift in Sources */,
				9A541B6928220A72001B57FD /* AppDelegate.swift in Sources */,
				9A6891C3283380D50061AAF1 /* ArtResponseDTO.swift in Sources */,
				9A6891AD283368EE0061AAF1 /* TurnipRequest.swift in Sources */,
				9A6891B3283371E20061AAF1 /* FishResponseDTO.swift in Sources */,
				9A541B6B28220A72001B57FD /* SceneDelegate.swift in Sources */,
				9AF0418C2850451100C51449 /* Category.swift in Sources */,
				9A6891A7283362C90061AAF1 /* VillagersResponseDTO.swift in Sources */,
				9A4B4C33285033B300CC687C /* Fruit.swift in Sources */,
				9A6891AF2833690A0061AAF1 /* TurnipResponseDTO.swift in Sources */,
				9AF0419028505AE200C51449 /* Fish.swift in Sources */,
				9A68919F28335B130061AAF1 /* APIResponce.swift in Sources */,
				9AF0419228505AE900C51449 /* Art.swift in Sources */,
				9A1DB1D2284069DD00689F11 /* UIImageView+extension.swift in Sources */,
				9A6891A9283366220061AAF1 /* EnvironmentsVariable.swift in Sources */,
				9A4B4C35285034BA00CC687C /* Villager.swift in Sources */,
				9A6891B9283378630061AAF1 /* FossilsRequest.swift in Sources */,
				9AF0418828503B9400C51449 /* CoreDataStorage.xcdatamodeld in Sources */,
				9AF0418E285045EF00C51449 /* Bug.swift in Sources */,
				9A6891BF283379B80061AAF1 /* SeaCreaturesResponseDTO.swift in Sources */,
				9AF041A128507B8100C51449 /* Items.swift in Sources */,
				9A6891B7283377010061AAF1 /* BugResponseDTO.swift in Sources */,
				9A6891BD283379830061AAF1 /* SeaCreaturesRequest.swift in Sources */,
				9A68919928335ADD0061AAF1 /* DefaultAPIProvider.swift in Sources */,
				9A6891C1283380CD0061AAF1 /* ArtRequest.swift in Sources */,
				9A68919B28335AE90061AAF1 /* APIProvider.swift in Sources */,
				9A1DB1D92840857300689F11 /* APIError.swift in Sources */,
				9AF0419628505B1100C51449 /* SeaCreature.swift in Sources */,
				9A6891B1283371A60061AAF1 /* FishRequest.swift in Sources */,
				9AF0418A28503F7900C51449 /* Item.swift in Sources */,
			);
			runOnlyForDeploymentPostprocessing = 0;
		};
/* End PBXSourcesBuildPhase section */

/* Begin PBXVariantGroup section */
		9A541B6E28220A72001B57FD /* Main.storyboard */ = {
			isa = PBXVariantGroup;
			children = (
				9A541B6F28220A72001B57FD /* Base */,
			);
			name = Main.storyboard;
			sourceTree = "<group>";
		};
		9A541B7328220A73001B57FD /* LaunchScreen.storyboard */ = {
			isa = PBXVariantGroup;
			children = (
				9A541B7428220A73001B57FD /* Base */,
			);
			name = LaunchScreen.storyboard;
			sourceTree = "<group>";
		};
/* End PBXVariantGroup section */

/* Begin XCBuildConfiguration section */
		9A541B7728220A73001B57FD /* Debug */ = {
			isa = XCBuildConfiguration;
			baseConfigurationReference = 9A6891A228335FB50061AAF1 /* Secrets.xcconfig */;
			buildSettings = {
				ALWAYS_SEARCH_USER_PATHS = NO;
				CLANG_ANALYZER_NONNULL = YES;
				CLANG_ANALYZER_NUMBER_OBJECT_CONVERSION = YES_AGGRESSIVE;
				CLANG_CXX_LANGUAGE_STANDARD = "gnu++17";
				CLANG_CXX_LIBRARY = "libc++";
				CLANG_ENABLE_MODULES = YES;
				CLANG_ENABLE_OBJC_ARC = YES;
				CLANG_ENABLE_OBJC_WEAK = YES;
				CLANG_WARN_BLOCK_CAPTURE_AUTORELEASING = YES;
				CLANG_WARN_BOOL_CONVERSION = YES;
				CLANG_WARN_COMMA = YES;
				CLANG_WARN_CONSTANT_CONVERSION = YES;
				CLANG_WARN_DEPRECATED_OBJC_IMPLEMENTATIONS = YES;
				CLANG_WARN_DIRECT_OBJC_ISA_USAGE = YES_ERROR;
				CLANG_WARN_DOCUMENTATION_COMMENTS = YES;
				CLANG_WARN_EMPTY_BODY = YES;
				CLANG_WARN_ENUM_CONVERSION = YES;
				CLANG_WARN_INFINITE_RECURSION = YES;
				CLANG_WARN_INT_CONVERSION = YES;
				CLANG_WARN_NON_LITERAL_NULL_CONVERSION = YES;
				CLANG_WARN_OBJC_IMPLICIT_RETAIN_SELF = YES;
				CLANG_WARN_OBJC_LITERAL_CONVERSION = YES;
				CLANG_WARN_OBJC_ROOT_CLASS = YES_ERROR;
				CLANG_WARN_QUOTED_INCLUDE_IN_FRAMEWORK_HEADER = YES;
				CLANG_WARN_RANGE_LOOP_ANALYSIS = YES;
				CLANG_WARN_STRICT_PROTOTYPES = YES;
				CLANG_WARN_SUSPICIOUS_MOVE = YES;
				CLANG_WARN_UNGUARDED_AVAILABILITY = YES_AGGRESSIVE;
				CLANG_WARN_UNREACHABLE_CODE = YES;
				CLANG_WARN__DUPLICATE_METHOD_MATCH = YES;
				COPY_PHASE_STRIP = NO;
				DEBUG_INFORMATION_FORMAT = dwarf;
				ENABLE_STRICT_OBJC_MSGSEND = YES;
				ENABLE_TESTABILITY = YES;
				GCC_C_LANGUAGE_STANDARD = gnu11;
				GCC_DYNAMIC_NO_PIC = NO;
				GCC_NO_COMMON_BLOCKS = YES;
				GCC_OPTIMIZATION_LEVEL = 0;
				GCC_PREPROCESSOR_DEFINITIONS = (
					"DEBUG=1",
					"$(inherited)",
				);
				GCC_WARN_64_TO_32_BIT_CONVERSION = YES;
				GCC_WARN_ABOUT_RETURN_TYPE = YES_ERROR;
				GCC_WARN_UNDECLARED_SELECTOR = YES;
				GCC_WARN_UNINITIALIZED_AUTOS = YES_AGGRESSIVE;
				GCC_WARN_UNUSED_FUNCTION = YES;
				GCC_WARN_UNUSED_VARIABLE = YES;
				IPHONEOS_DEPLOYMENT_TARGET = 14.0;
				MTL_ENABLE_DEBUG_INFO = INCLUDE_SOURCE;
				MTL_FAST_MATH = YES;
				ONLY_ACTIVE_ARCH = YES;
				SDKROOT = iphoneos;
				SWIFT_ACTIVE_COMPILATION_CONDITIONS = DEBUG;
				SWIFT_OPTIMIZATION_LEVEL = "-Onone";
			};
			name = Debug;
		};
		9A541B7828220A73001B57FD /* Release */ = {
			isa = XCBuildConfiguration;
			baseConfigurationReference = 9A6891A228335FB50061AAF1 /* Secrets.xcconfig */;
			buildSettings = {
				ALWAYS_SEARCH_USER_PATHS = NO;
				CLANG_ANALYZER_NONNULL = YES;
				CLANG_ANALYZER_NUMBER_OBJECT_CONVERSION = YES_AGGRESSIVE;
				CLANG_CXX_LANGUAGE_STANDARD = "gnu++17";
				CLANG_CXX_LIBRARY = "libc++";
				CLANG_ENABLE_MODULES = YES;
				CLANG_ENABLE_OBJC_ARC = YES;
				CLANG_ENABLE_OBJC_WEAK = YES;
				CLANG_WARN_BLOCK_CAPTURE_AUTORELEASING = YES;
				CLANG_WARN_BOOL_CONVERSION = YES;
				CLANG_WARN_COMMA = YES;
				CLANG_WARN_CONSTANT_CONVERSION = YES;
				CLANG_WARN_DEPRECATED_OBJC_IMPLEMENTATIONS = YES;
				CLANG_WARN_DIRECT_OBJC_ISA_USAGE = YES_ERROR;
				CLANG_WARN_DOCUMENTATION_COMMENTS = YES;
				CLANG_WARN_EMPTY_BODY = YES;
				CLANG_WARN_ENUM_CONVERSION = YES;
				CLANG_WARN_INFINITE_RECURSION = YES;
				CLANG_WARN_INT_CONVERSION = YES;
				CLANG_WARN_NON_LITERAL_NULL_CONVERSION = YES;
				CLANG_WARN_OBJC_IMPLICIT_RETAIN_SELF = YES;
				CLANG_WARN_OBJC_LITERAL_CONVERSION = YES;
				CLANG_WARN_OBJC_ROOT_CLASS = YES_ERROR;
				CLANG_WARN_QUOTED_INCLUDE_IN_FRAMEWORK_HEADER = YES;
				CLANG_WARN_RANGE_LOOP_ANALYSIS = YES;
				CLANG_WARN_STRICT_PROTOTYPES = YES;
				CLANG_WARN_SUSPICIOUS_MOVE = YES;
				CLANG_WARN_UNGUARDED_AVAILABILITY = YES_AGGRESSIVE;
				CLANG_WARN_UNREACHABLE_CODE = YES;
				CLANG_WARN__DUPLICATE_METHOD_MATCH = YES;
				COPY_PHASE_STRIP = NO;
				DEBUG_INFORMATION_FORMAT = "dwarf-with-dsym";
				ENABLE_NS_ASSERTIONS = NO;
				ENABLE_STRICT_OBJC_MSGSEND = YES;
				GCC_C_LANGUAGE_STANDARD = gnu11;
				GCC_NO_COMMON_BLOCKS = YES;
				GCC_WARN_64_TO_32_BIT_CONVERSION = YES;
				GCC_WARN_ABOUT_RETURN_TYPE = YES_ERROR;
				GCC_WARN_UNDECLARED_SELECTOR = YES;
				GCC_WARN_UNINITIALIZED_AUTOS = YES_AGGRESSIVE;
				GCC_WARN_UNUSED_FUNCTION = YES;
				GCC_WARN_UNUSED_VARIABLE = YES;
				IPHONEOS_DEPLOYMENT_TARGET = 14.0;
				MTL_ENABLE_DEBUG_INFO = NO;
				MTL_FAST_MATH = YES;
				SDKROOT = iphoneos;
				SWIFT_COMPILATION_MODE = wholemodule;
				SWIFT_OPTIMIZATION_LEVEL = "-O";
				VALIDATE_PRODUCT = YES;
			};
			name = Release;
		};
		9A541B7A28220A73001B57FD /* Debug */ = {
			isa = XCBuildConfiguration;
			buildSettings = {
				ASSETCATALOG_COMPILER_APPICON_NAME = AppIcon;
				ASSETCATALOG_COMPILER_GLOBAL_ACCENT_COLOR_NAME = AccentColor;
				CODE_SIGN_STYLE = Automatic;
				CURRENT_PROJECT_VERSION = 1;
				DEVELOPMENT_TEAM = RCVFD6XLU9;
				GENERATE_INFOPLIST_FILE = YES;
				INFOPLIST_FILE = "Animal-Crossing-Wiki/Info.plist";
				INFOPLIST_KEY_UIApplicationSupportsIndirectInputEvents = YES;
				INFOPLIST_KEY_UILaunchStoryboardName = LaunchScreen;
				INFOPLIST_KEY_UIMainStoryboardFile = Main;
				INFOPLIST_KEY_UISupportedInterfaceOrientations_iPad = "UIInterfaceOrientationPortrait UIInterfaceOrientationPortraitUpsideDown UIInterfaceOrientationLandscapeLeft UIInterfaceOrientationLandscapeRight";
				INFOPLIST_KEY_UISupportedInterfaceOrientations_iPhone = "UIInterfaceOrientationPortrait UIInterfaceOrientationLandscapeLeft UIInterfaceOrientationLandscapeRight";
				LD_RUNPATH_SEARCH_PATHS = (
					"$(inherited)",
					"@executable_path/Frameworks",
				);
				MARKETING_VERSION = 1.0;
				PRODUCT_BUNDLE_IDENTIFIER = "com.leeari-Animal-Crossing-Wiki.net.Animal-Crossing-Wiki";
				PRODUCT_NAME = "$(TARGET_NAME)";
				SWIFT_EMIT_LOC_STRINGS = YES;
				SWIFT_VERSION = 5.0;
				TARGETED_DEVICE_FAMILY = "1,2";
			};
			name = Debug;
		};
		9A541B7B28220A73001B57FD /* Release */ = {
			isa = XCBuildConfiguration;
			buildSettings = {
				ASSETCATALOG_COMPILER_APPICON_NAME = AppIcon;
				ASSETCATALOG_COMPILER_GLOBAL_ACCENT_COLOR_NAME = AccentColor;
				CODE_SIGN_STYLE = Automatic;
				CURRENT_PROJECT_VERSION = 1;
				DEVELOPMENT_TEAM = RCVFD6XLU9;
				GENERATE_INFOPLIST_FILE = YES;
				INFOPLIST_FILE = "Animal-Crossing-Wiki/Info.plist";
				INFOPLIST_KEY_UIApplicationSupportsIndirectInputEvents = YES;
				INFOPLIST_KEY_UILaunchStoryboardName = LaunchScreen;
				INFOPLIST_KEY_UIMainStoryboardFile = Main;
				INFOPLIST_KEY_UISupportedInterfaceOrientations_iPad = "UIInterfaceOrientationPortrait UIInterfaceOrientationPortraitUpsideDown UIInterfaceOrientationLandscapeLeft UIInterfaceOrientationLandscapeRight";
				INFOPLIST_KEY_UISupportedInterfaceOrientations_iPhone = "UIInterfaceOrientationPortrait UIInterfaceOrientationLandscapeLeft UIInterfaceOrientationLandscapeRight";
				LD_RUNPATH_SEARCH_PATHS = (
					"$(inherited)",
					"@executable_path/Frameworks",
				);
				MARKETING_VERSION = 1.0;
				PRODUCT_BUNDLE_IDENTIFIER = "com.leeari-Animal-Crossing-Wiki.net.Animal-Crossing-Wiki";
				PRODUCT_NAME = "$(TARGET_NAME)";
				SWIFT_EMIT_LOC_STRINGS = YES;
				SWIFT_VERSION = 5.0;
				TARGETED_DEVICE_FAMILY = "1,2";
			};
			name = Release;
		};
/* End XCBuildConfiguration section */

/* Begin XCConfigurationList section */
		9A541B6028220A72001B57FD /* Build configuration list for PBXProject "Animal-Crossing-Wiki" */ = {
			isa = XCConfigurationList;
			buildConfigurations = (
				9A541B7728220A73001B57FD /* Debug */,
				9A541B7828220A73001B57FD /* Release */,
			);
			defaultConfigurationIsVisible = 0;
			defaultConfigurationName = Release;
		};
		9A541B7928220A73001B57FD /* Build configuration list for PBXNativeTarget "Animal-Crossing-Wiki" */ = {
			isa = XCConfigurationList;
			buildConfigurations = (
				9A541B7A28220A73001B57FD /* Debug */,
				9A541B7B28220A73001B57FD /* Release */,
			);
			defaultConfigurationIsVisible = 0;
			defaultConfigurationName = Release;
		};
/* End XCConfigurationList section */

/* Begin XCRemoteSwiftPackageReference section */
		9A1DB1CC2840504B00689F11 /* XCRemoteSwiftPackageReference "Kingfisher" */ = {
			isa = XCRemoteSwiftPackageReference;
			repositoryURL = "https://github.com/onevcat/Kingfisher.git";
			requirement = {
				kind = upToNextMajorVersion;
				minimumVersion = 7.0.0;
			};
		};
		9A1DB1D5284081E400689F11 /* XCRemoteSwiftPackageReference "Alamofire" */ = {
			isa = XCRemoteSwiftPackageReference;
			repositoryURL = "https://github.com/Alamofire/Alamofire.git";
			requirement = {
				kind = upToNextMajorVersion;
				minimumVersion = 5.0.0;
			};
		};
		9A4B4C2B284EEA2D00CC687C /* XCRemoteSwiftPackageReference "AnyCodable" */ = {
			isa = XCRemoteSwiftPackageReference;
			repositoryURL = "https://github.com/Flight-School/AnyCodable.git";
			requirement = {
				kind = upToNextMajorVersion;
				minimumVersion = 0.6.5;
			};
		};
		9A541B7F28225F8E001B57FD /* XCRemoteSwiftPackageReference "RxSwift" */ = {
			isa = XCRemoteSwiftPackageReference;
			repositoryURL = "https://github.com/ReactiveX/RxSwift";
			requirement = {
				branch = main;
				kind = branch;
			};
		};
/* End XCRemoteSwiftPackageReference section */

/* Begin XCSwiftPackageProductDependency section */
		9A1DB1CD2840504B00689F11 /* Kingfisher */ = {
			isa = XCSwiftPackageProductDependency;
			package = 9A1DB1CC2840504B00689F11 /* XCRemoteSwiftPackageReference "Kingfisher" */;
			productName = Kingfisher;
		};
		9A1DB1D6284081E400689F11 /* Alamofire */ = {
			isa = XCSwiftPackageProductDependency;
			package = 9A1DB1D5284081E400689F11 /* XCRemoteSwiftPackageReference "Alamofire" */;
			productName = Alamofire;
		};
		9A541B8028225F8E001B57FD /* RxCocoa */ = {
			isa = XCSwiftPackageProductDependency;
			package = 9A541B7F28225F8E001B57FD /* XCRemoteSwiftPackageReference "RxSwift" */;
			productName = RxCocoa;
		};
		9A541B8228225F8E001B57FD /* RxRelay */ = {
			isa = XCSwiftPackageProductDependency;
			package = 9A541B7F28225F8E001B57FD /* XCRemoteSwiftPackageReference "RxSwift" */;
			productName = RxRelay;
		};
		9A541B8428225F8E001B57FD /* RxSwift */ = {
			isa = XCSwiftPackageProductDependency;
			package = 9A541B7F28225F8E001B57FD /* XCRemoteSwiftPackageReference "RxSwift" */;
			productName = RxSwift;
		};
/* End XCSwiftPackageProductDependency section */

/* Begin XCVersionGroup section */
		9AF0418528503B9400C51449 /* CoreDataStorage.xcdatamodeld */ = {
			isa = XCVersionGroup;
			children = (
				9AF0418628503B9400C51449 /* UserCollectionEntity.xcdatamodel */,
			);
			currentVersion = 9AF0418628503B9400C51449 /* UserCollectionEntity.xcdatamodel */;
			path = CoreDataStorage.xcdatamodeld;
			sourceTree = "<group>";
			versionGroupType = wrapper.xcdatamodel;
		};
/* End XCVersionGroup section */
	};
	rootObject = 9A541B5D28220A72001B57FD /* Project object */;
}
